Microsoft Visual Studio Solution File, Format Version 12.00
# Visual Studio 2012
Project("{FAE04EC0-301F-11D3-BF4B-00C04F79EFBC}") = "Super Shooter 3000", "Super Shooter 3000.csproj", "{B7BDA7CA-42DA-45E5-AC82-BA0640C29907}"
EndProject
Global
	GlobalSection(SolutionConfigurationPlatforms) = preSolution
	Debug|Any CPU = Debug|Any CPU
	ExportDebug|Any CPU = ExportDebug|Any CPU
	ExportRelease|Any CPU = ExportRelease|Any CPU
	EndGlobalSection
	GlobalSection(ProjectConfigurationPlatforms) = postSolution
		{B7BDA7CA-42DA-45E5-AC82-BA0640C29907}.Debug|Any CPU.ActiveCfg = Debug|Any CPU
		{B7BDA7CA-42DA-45E5-AC82-BA0640C29907}.Debug|Any CPU.Build.0 = Debug|Any CPU
		{B7BDA7CA-42DA-45E5-AC82-BA0640C29907}.ExportDebug|Any CPU.ActiveCfg = ExportDebug|Any CPU
		{B7BDA7CA-42DA-45E5-AC82-BA0640C29907}.ExportDebug|Any CPU.Build.0 = ExportDebug|Any CPU
		{B7BDA7CA-42DA-45E5-AC82-BA0640C29907}.ExportRelease|Any CPU.ActiveCfg = ExportRelease|Any CPU
		{B7BDA7CA-42DA-45E5-AC82-BA0640C29907}.ExportRelease|Any CPU.Build.0 = ExportRelease|Any CPU
	EndGlobalSection
EndGlobal
